// !$*UTF8*$!
{
	archiveVersion = 1;
	classes = {
	};
	objectVersion = 60;
	objects = {

/* Begin PBXBuildFile section */
		D00000000000000000000001 /* AppDelegate.swift in Sources */ = {isa = PBXBuildFile; fileRef = C00000000000000000000001 /* AppDelegate.swift */; };
		D00000000000000000000002 /* SceneDelegate.swift in Sources */ = {isa = PBXBuildFile; fileRef = C00000000000000000000002 /* SceneDelegate.swift */; };
		D00000000000000000000003 /* ViewController.swift in Sources */ = {isa = PBXBuildFile; fileRef = C00000000000000000000003 /* ViewController.swift */; };
		D00000000000000000000004 /* TestStepHUDDemoUITests.swift in Sources */ = {isa = PBXBuildFile; fileRef = C00000000000000000000005 /* TestStepHUDDemoUITests.swift */; };
		D00000000000000000000005 /* TestStepHUD in Frameworks */ = {isa = PBXBuildFile; productRef = J00000000000000000000001 /* TestStepHUD */; };
		D00000000000000000000006 /* TestStepHUDTestSupport in Frameworks */ = {isa = PBXBuildFile; productRef = J00000000000000000000002 /* TestStepHUDTestSupport */; };
		D00000000000000000000007 /* FrameCodecTests.swift in Sources */ = {isa = PBXBuildFile; fileRef = C00000000000000000000008 /* FrameCodecTests.swift */; };
		D00000000000000000000008 /* HandshakeValidatorTests.swift in Sources */ = {isa = PBXBuildFile; fileRef = C00000000000000000000009 /* HandshakeValidatorTests.swift */; };
		D00000000000000000000009 /* AcknowledgementRouterTests.swift in Sources */ = {isa = PBXBuildFile; fileRef = C0000000000000000000000A /* AcknowledgementRouterTests.swift */; };
		D0000000000000000000000A /* TestStepHUD in Frameworks */ = {isa = PBXBuildFile; productRef = J00000000000000000000001 /* TestStepHUD */; };
		D0000000000000000000000B /* TestStepHUDTestSupport in Frameworks */ = {isa = PBXBuildFile; productRef = J00000000000000000000002 /* TestStepHUDTestSupport */; };
		D0000000000000000000000C /* TestTransportTests.swift in Sources */ = {isa = PBXBuildFile; fileRef = C0000000000000000000000C /* TestTransportTests.swift */; };
		D0000000000000000000000D /* TestStepHUDPresentationTests.swift in Sources */ = {isa = PBXBuildFile; fileRef = C0000000000000000000000D /* TestStepHUDPresentationTests.swift */; };
		D0000000000000000000000E /* TestStepHUDFailureObserverTests.swift in Sources */ = {isa = PBXBuildFile; fileRef = C0000000000000000000000E /* TestStepHUDFailureObserverTests.swift */; };
/* End PBXBuildFile section */

/* Begin PBXContainerItemProxy section */
		L00000000000000000000001 /* PBXContainerItemProxy */ = {
			isa = PBXContainerItemProxy;
			containerPortal = A00000000000000000000001 /* Project object */;
			proxyType = 1;
			remoteGlobalIDString = F00000000000000000000001;
			remoteInfo = TestStepHUDDemo;
		};
/* End PBXContainerItemProxy section */

/* Begin PBXFileReference section */
		C00000000000000000000001 /* AppDelegate.swift */ = {isa = PBXFileReference; lastKnownFileType = sourcecode.swift; path = AppDelegate.swift; sourceTree = "<group>"; };
		C00000000000000000000002 /* SceneDelegate.swift */ = {isa = PBXFileReference; lastKnownFileType = sourcecode.swift; path = SceneDelegate.swift; sourceTree = "<group>"; };
		C00000000000000000000003 /* ViewController.swift */ = {isa = PBXFileReference; lastKnownFileType = sourcecode.swift; path = ViewController.swift; sourceTree = "<group>"; };
		C00000000000000000000004 /* Info.plist */ = {isa = PBXFileReference; lastKnownFileType = text.plist.xml; path = Info.plist; sourceTree = "<group>"; };
		C00000000000000000000005 /* TestStepHUDDemoUITests.swift */ = {isa = PBXFileReference; lastKnownFileType = sourcecode.swift; path = TestStepHUDDemoUITests.swift; sourceTree = "<group>"; };
		C00000000000000000000006 /* TestStepHUDDemo.app */ = {isa = PBXFileReference; explicitFileType = wrapper.application; includeInIndex = 0; path = TestStepHUDDemo.app; sourceTree = BUILT_PRODUCTS_DIR; };
		C00000000000000000000007 /* TestStepHUDDemoUITests.xctest */ = {isa = PBXFileReference; explicitFileType = wrapper.cfbundle; includeInIndex = 0; path = TestStepHUDDemoUITests.xctest; sourceTree = BUILT_PRODUCTS_DIR; };
		C00000000000000000000008 /* FrameCodecTests.swift */ = {isa = PBXFileReference; lastKnownFileType = sourcecode.swift; path = FrameCodecTests.swift; sourceTree = "<group>"; };
		C00000000000000000000009 /* HandshakeValidatorTests.swift */ = {isa = PBXFileReference; lastKnownFileType = sourcecode.swift; path = HandshakeValidatorTests.swift; sourceTree = "<group>"; };
		C0000000000000000000000A /* AcknowledgementRouterTests.swift */ = {isa = PBXFileReference; lastKnownFileType = sourcecode.swift; path = AcknowledgementRouterTests.swift; sourceTree = "<group>"; };
		C0000000000000000000000B /* TestStepHUDProtocolTests.xctest */ = {isa = PBXFileReference; explicitFileType = wrapper.cfbundle; includeInIndex = 0; path = TestStepHUDProtocolTests.xctest; sourceTree = BUILT_PRODUCTS_DIR; };
		C0000000000000000000000C /* TestTransportTests.swift */ = {isa = PBXFileReference; lastKnownFileType = sourcecode.swift; path = TestTransportTests.swift; sourceTree = "<group>"; };
		C0000000000000000000000D /* TestStepHUDPresentationTests.swift */ = {isa = PBXFileReference; lastKnownFileType = sourcecode.swift; path = TestStepHUDPresentationTests.swift; sourceTree = "<group>"; };
		C0000000000000000000000E /* TestStepHUDFailureObserverTests.swift */ = {isa = PBXFileReference; lastKnownFileType = sourcecode.swift; path = TestStepHUDFailureObserverTests.swift; sourceTree = "<group>"; };
/* End PBXFileReference section */

/* Begin PBXFrameworksBuildPhase section */
		E00000000000000000000001 /* Frameworks */ = {
			isa = PBXFrameworksBuildPhase;
			buildActionMask = 2147483647;
			files = (
				D00000000000000000000005 /* TestStepHUD in Frameworks */,
			);
			runOnlyForDeploymentPostprocessing = 0;
		};
		E00000000000000000000004 /* Frameworks */ = {
			isa = PBXFrameworksBuildPhase;
			buildActionMask = 2147483647;
			files = (
				D00000000000000000000006 /* TestStepHUDTestSupport in Frameworks */,
			);
			runOnlyForDeploymentPostprocessing = 0;
		};
		E00000000000000000000008 /* Frameworks */ = {
			isa = PBXFrameworksBuildPhase;
			buildActionMask = 2147483647;
			files = (
				D0000000000000000000000A /* TestStepHUD in Frameworks */,
				D0000000000000000000000B /* TestStepHUDTestSupport in Frameworks */,
			);
			runOnlyForDeploymentPostprocessing = 0;
		};
/* End PBXFrameworksBuildPhase section */

/* Begin PBXGroup section */
		B00000000000000000000001 = {
			isa = PBXGroup;
			children = (
				B00000000000000000000003 /* TestStepHUDDemo */,
				B00000000000000000000004 /* TestStepHUDDemoUITests */,
				B00000000000000000000005 /* TestStepHUDProtocolTests */,
				B00000000000000000000002 /* Products */,
			);
			sourceTree = "<group>";
		};
		B00000000000000000000002 /* Products */ = {
			isa = PBXGroup;
			children = (
				C00000000000000000000006 /* TestStepHUDDemo.app */,
				C00000000000000000000007 /* TestStepHUDDemoUITests.xctest */,
				C0000000000000000000000B /* TestStepHUDProtocolTests.xctest */,
			);
			name = Products;
			sourceTree = "<group>";
		};
		B00000000000000000000003 /* TestStepHUDDemo */ = {
			isa = PBXGroup;
			children = (
				C00000000000000000000001 /* AppDelegate.swift */,
				C00000000000000000000002 /* SceneDelegate.swift */,
				C00000000000000000000003 /* ViewController.swift */,
				C00000000000000000000004 /* Info.plist */,
			);
			path = TestStepHUDDemo;
			sourceTree = "<group>";
		};
		B00000000000000000000004 /* TestStepHUDDemoUITests */ = {
			isa = PBXGroup;
			children = (
				C00000000000000000000005 /* TestStepHUDDemoUITests.swift */,
			);
			path = TestStepHUDDemoUITests;
			sourceTree = "<group>";
		};
		B00000000000000000000005 /* TestStepHUDProtocolTests */ = {
			isa = PBXGroup;
			children = (
				C00000000000000000000008 /* FrameCodecTests.swift */,
				C00000000000000000000009 /* HandshakeValidatorTests.swift */,
				C0000000000000000000000A /* AcknowledgementRouterTests.swift */,
				C0000000000000000000000C /* TestTransportTests.swift */,
				C0000000000000000000000D /* TestStepHUDPresentationTests.swift */,
				C0000000000000000000000E /* TestStepHUDFailureObserverTests.swift */,
			);
			name = TestStepHUDProtocolTests;
			path = ../../Tests/TestStepHUDProtocolTests;
			sourceTree = "<group>";
		};
/* End PBXGroup section */

/* Begin PBXNativeTarget section */
		F00000000000000000000001 /* TestStepHUDDemo */ = {
			isa = PBXNativeTarget;
			buildConfigurationList = H00000000000000000000002 /* Build configuration list for PBXNativeTarget "TestStepHUDDemo" */;
			buildPhases = (
				E00000000000000000000002 /* Sources */,
				E00000000000000000000001 /* Frameworks */,
				E00000000000000000000003 /* Resources */,
			);
			buildRules = (
			);
			dependencies = (
			);
			name = TestStepHUDDemo;
			packageProductDependencies = (
				J00000000000000000000001 /* TestStepHUD */,
			);
			productName = TestStepHUDDemo;
			productReference = C00000000000000000000006 /* TestStepHUDDemo.app */;
			productType = "com.apple.product-type.application";
		};
		F00000000000000000000002 /* TestStepHUDDemoUITests */ = {
			isa = PBXNativeTarget;
			buildConfigurationList = H00000000000000000000003 /* Build configuration list for PBXNativeTarget "TestStepHUDDemoUITests" */;
			buildPhases = (
				E00000000000000000000005 /* Sources */,
				E00000000000000000000004 /* Frameworks */,
				E00000000000000000000006 /* Resources */,
			);
			buildRules = (
			);
			dependencies = (
				K00000000000000000000001 /* PBXTargetDependency */,
			);
			name = TestStepHUDDemoUITests;
			packageProductDependencies = (
				J00000000000000000000002 /* TestStepHUDTestSupport */,
			);
			productName = TestStepHUDDemoUITests;
			productReference = C00000000000000000000007 /* TestStepHUDDemoUITests.xctest */;
			productType = "com.apple.product-type.bundle.ui-testing";
		};
		F00000000000000000000003 /* TestStepHUDProtocolTests */ = {
			isa = PBXNativeTarget;
			buildConfigurationList = H00000000000000000000004 /* Build configuration list for PBXNativeTarget "TestStepHUDProtocolTests" */;
			buildPhases = (
				E00000000000000000000007 /* Sources */,
				E00000000000000000000008 /* Frameworks */,
				E00000000000000000000009 /* Resources */,
			);
			buildRules = (
			);
			dependencies = (
			);
			name = TestStepHUDProtocolTests;
			packageProductDependencies = (
				J00000000000000000000001 /* TestStepHUD */,
				J00000000000000000000002 /* TestStepHUDTestSupport */,
			);
			productName = TestStepHUDProtocolTests;
			productReference = C0000000000000000000000B /* TestStepHUDProtocolTests.xctest */;
			productType = "com.apple.product-type.bundle.unit-test";
		};
/* End PBXNativeTarget section */

/* Begin PBXProject section */
		A00000000000000000000001 /* Project object */ = {
			isa = PBXProject;
			attributes = {
				BuildIndependentTargetsInParallel = 1;
				LastSwiftUpdateCheck = 2640;
				LastUpgradeCheck = 2640;
				TargetAttributes = {
					F00000000000000000000001 = {
						CreatedOnToolsVersion = 26.4;
					};
					F00000000000000000000002 = {
						CreatedOnToolsVersion = 26.4;
						TestTargetID = F00000000000000000000001;
					};
					F00000000000000000000003 = {
						CreatedOnToolsVersion = 26.4;
					};
				};
			};
			buildConfigurationList = H00000000000000000000001 /* Build configuration list for PBXProject "TestStepHUDDemo" */;
			developmentRegion = en;
			hasScannedForEncodings = 0;
			knownRegions = (
				en,
				Base,
			);
			mainGroup = B00000000000000000000001;
			minimizedProjectReferenceProxies = 1;
			packageReferences = (
				I00000000000000000000001 /* XCLocalSwiftPackageReference "../.." */,
			);
			preferredProjectObjectVersion = 60;
			productRefGroup = B00000000000000000000002 /* Products */;
			projectDirPath = "";
			projectRoot = "";
			targets = (
				F00000000000000000000001 /* TestStepHUDDemo */,
				F00000000000000000000002 /* TestStepHUDDemoUITests */,
				F00000000000000000000003 /* TestStepHUDProtocolTests */,
			);
		};
/* End PBXProject section */

/* Begin PBXResourcesBuildPhase section */
		E00000000000000000000003 /* Resources */ = {
			isa = PBXResourcesBuildPhase;
			buildActionMask = 2147483647;
			files = (
			);
			runOnlyForDeploymentPostprocessing = 0;
		};
		E00000000000000000000006 /* Resources */ = {
			isa = PBXResourcesBuildPhase;
			buildActionMask = 2147483647;
			files = (
			);
			runOnlyForDeploymentPostprocessing = 0;
		};
		E00000000000000000000009 /* Resources */ = {
			isa = PBXResourcesBuildPhase;
			buildActionMask = 2147483647;
			files = (
			);
			runOnlyForDeploymentPostprocessing = 0;
		};
/* End PBXResourcesBuildPhase section */

/* Begin PBXSourcesBuildPhase section */
		E00000000000000000000002 /* Sources */ = {
			isa = PBXSourcesBuildPhase;
			buildActionMask = 2147483647;
			files = (
				D00000000000000000000001 /* AppDelegate.swift in Sources */,
				D00000000000000000000002 /* SceneDelegate.swift in Sources */,
				D00000000000000000000003 /* ViewController.swift in Sources */,
			);
			runOnlyForDeploymentPostprocessing = 0;
		};
		E00000000000000000000005 /* Sources */ = {
			isa = PBXSourcesBuildPhase;
			buildActionMask = 2147483647;
			files = (
				D00000000000000000000004 /* TestStepHUDDemoUITests.swift in Sources */,
			);
			runOnlyForDeploymentPostprocessing = 0;
		};
		E00000000000000000000007 /* Sources */ = {
			isa = PBXSourcesBuildPhase;
			buildActionMask = 2147483647;
			files = (
				D00000000000000000000007 /* FrameCodecTests.swift in Sources */,
				D00000000000000000000008 /* HandshakeValidatorTests.swift in Sources */,
				D00000000000000000000009 /* AcknowledgementRouterTests.swift in Sources */,
				D0000000000000000000000C /* TestTransportTests.swift in Sources */,
				D0000000000000000000000D /* TestStepHUDPresentationTests.swift in Sources */,
				D0000000000000000000000E /* TestStepHUDFailureObserverTests.swift in Sources */,
			);
			runOnlyForDeploymentPostprocessing = 0;
		};
/* End PBXSourcesBuildPhase section */

/* Begin PBXTargetDependency section */
		K00000000000000000000001 /* PBXTargetDependency */ = {
			isa = PBXTargetDependency;
			target = F00000000000000000000001 /* TestStepHUDDemo */;
			targetProxy = L00000000000000000000001 /* PBXContainerItemProxy */;
		};
/* End PBXTargetDependency section */

/* Begin XCBuildConfiguration section */
		G00000000000000000000001 /* Debug */ = {
			isa = XCBuildConfiguration;
			buildSettings = {
				ALWAYS_SEARCH_USER_PATHS = NO;
				ASSETCATALOG_COMPILER_GENERATE_SWIFT_ASSET_SYMBOL_EXTENSIONS = YES;
				CLANG_ANALYZER_NONNULL = YES;
				CLANG_ENABLE_MODULES = YES;
				CLANG_ENABLE_OBJC_ARC = YES;
				CLANG_WARN_BLOCK_CAPTURE_AUTORELEASING = YES;
				CLANG_WARN_BOOL_CONVERSION = YES;
				CLANG_WARN_COMMA = YES;
				CLANG_WARN_CONSTANT_CONVERSION = YES;
				CLANG_WARN_DEPRECATED_OBJC_IMPLEMENTATIONS = YES;
				CLANG_WARN_DIRECT_OBJC_ISA_USAGE = YES_ERROR;
				CLANG_WARN_DOCUMENTATION_COMMENTS = YES;
				CLANG_WARN_EMPTY_BODY = YES;
				CLANG_WARN_ENUM_CONVERSION = YES;
				CLANG_WARN_INFINITE_RECURSION = YES;
				CLANG_WARN_INT_CONVERSION = YES;
				CLANG_WARN_NON_LITERAL_NULL_CONVERSION = YES;
				CLANG_WARN_OBJC_IMPLICIT_RETAIN_SELF = YES;
				CLANG_WARN_OBJC_LITERAL_CONVERSION = YES;
				CLANG_WARN_OBJC_ROOT_CLASS = YES_ERROR;
				CLANG_WARN_QUOTED_INCLUDE_IN_FRAMEWORK_HEADER = YES;
				CLANG_WARN_RANGE_LOOP_ANALYSIS = YES;
				CLANG_WARN_STRICT_PROTOTYPES = YES;
				CLANG_WARN_SUSPICIOUS_MOVE = YES;
				CLANG_WARN_UNGUARDED_AVAILABILITY = YES_AGGRESSIVE;
				CLANG_WARN_UNREACHABLE_CODE = YES;
				CLANG_WARN__DUPLICATE_METHOD_MATCH = YES;
				COPY_PHASE_STRIP = NO;
				DEBUG_INFORMATION_FORMAT = dwarf;
				ENABLE_TESTABILITY = YES;
				ENABLE_USER_SCRIPT_SANDBOXING = YES;
				GCC_C_LANGUAGE_STANDARD = gnu17;
				GCC_DYNAMIC_NO_PIC = NO;
				GCC_NO_COMMON_BLOCKS = YES;
				GCC_OPTIMIZATION_LEVEL = 0;
				GCC_PREPROCESSOR_DEFINITIONS = (
					"DEBUG=1",
					"$(inherited)",
				);
				GCC_WARN_64_TO_32_BIT_CONVERSION = YES;
				GCC_WARN_ABOUT_RETURN_TYPE = YES_ERROR;
				GCC_WARN_UNDECLARED_SELECTOR = YES;
				GCC_WARN_UNINITIALIZED_AUTOS = YES_AGGRESSIVE;
				GCC_WARN_UNUSED_FUNCTION = YES;
				GCC_WARN_UNUSED_VARIABLE = YES;
				IPHONEOS_DEPLOYMENT_TARGET = 16.0;
				LOCALIZATION_PREFERS_STRING_CATALOGS = YES;
				MTL_ENABLE_DEBUG_INFO = INCLUDE_SOURCE;
				MTL_FAST_MATH = YES;
				ONLY_ACTIVE_ARCH = YES;
				SDKROOT = iphoneos;
				SWIFT_ACTIVE_COMPILATION_CONDITIONS = "DEBUG $(inherited)";
				SWIFT_OPTIMIZATION_LEVEL = "-Onone";
				SWIFT_VERSION = 5.0;
			};
			name = Debug;
		};
		G00000000000000000000002 /* Release */ = {
			isa = XCBuildConfiguration;
			buildSettings = {
				ALWAYS_SEARCH_USER_PATHS = NO;
				ASSETCATALOG_COMPILER_GENERATE_SWIFT_ASSET_SYMBOL_EXTENSIONS = YES;
				CLANG_ANALYZER_NONNULL = YES;
				CLANG_ENABLE_MODULES = YES;
				CLANG_ENABLE_OBJC_ARC = YES;
				CLANG_WARN_BLOCK_CAPTURE_AUTORELEASING = YES;
				CLANG_WARN_BOOL_CONVERSION = YES;
				CLANG_WARN_COMMA = YES;
				CLANG_WARN_CONSTANT_CONVERSION = YES;
				CLANG_WARN_DEPRECATED_OBJC_IMPLEMENTATIONS = YES;
				CLANG_WARN_DIRECT_OBJC_ISA_USAGE = YES_ERROR;
				CLANG_WARN_DOCUMENTATION_COMMENTS = YES;
				CLANG_WARN_EMPTY_BODY = YES;
				CLANG_WARN_ENUM_CONVERSION = YES;
				CLANG_WARN_INFINITE_RECURSION = YES;
				CLANG_WARN_INT_CONVERSION = YES;
				CLANG_WARN_NON_LITERAL_NULL_CONVERSION = YES;
				CLANG_WARN_OBJC_IMPLICIT_RETAIN_SELF = YES;
				CLANG_WARN_OBJC_LITERAL_CONVERSION = YES;
				CLANG_WARN_OBJC_ROOT_CLASS = YES_ERROR;
				CLANG_WARN_QUOTED_INCLUDE_IN_FRAMEWORK_HEADER = YES;
				CLANG_WARN_RANGE_LOOP_ANALYSIS = YES;
				CLANG_WARN_STRICT_PROTOTYPES = YES;
				CLANG_WARN_SUSPICIOUS_MOVE = YES;
				CLANG_WARN_UNGUARDED_AVAILABILITY = YES_AGGRESSIVE;
				CLANG_WARN_UNREACHABLE_CODE = YES;
				CLANG_WARN__DUPLICATE_METHOD_MATCH = YES;
				COPY_PHASE_STRIP = NO;
				DEBUG_INFORMATION_FORMAT = "dwarf-with-dsym";
				ENABLE_NS_ASSERTIONS = NO;
				ENABLE_USER_SCRIPT_SANDBOXING = YES;
				GCC_C_LANGUAGE_STANDARD = gnu17;
				GCC_NO_COMMON_BLOCKS = YES;
				GCC_WARN_64_TO_32_BIT_CONVERSION = YES;
				GCC_WARN_ABOUT_RETURN_TYPE = YES_ERROR;
				GCC_WARN_UNDECLARED_SELECTOR = YES;
				GCC_WARN_UNINITIALIZED_AUTOS = YES_AGGRESSIVE;
				GCC_WARN_UNUSED_FUNCTION = YES;
				GCC_WARN_UNUSED_VARIABLE = YES;
				IPHONEOS_DEPLOYMENT_TARGET = 16.0;
				LOCALIZATION_PREFERS_STRING_CATALOGS = YES;
				MTL_ENABLE_DEBUG_INFO = NO;
				MTL_FAST_MATH = YES;
				SDKROOT = iphoneos;
				SWIFT_COMPILATION_MODE = wholemodule;
				SWIFT_OPTIMIZATION_LEVEL = "-O";
				SWIFT_VERSION = 5.0;
				VALIDATE_PRODUCT = YES;
			};
			name = Release;
		};
		G00000000000000000000003 /* Debug */ = {
			isa = XCBuildConfiguration;
			buildSettings = {
				CODE_SIGN_STYLE = Automatic;
				CURRENT_PROJECT_VERSION = 1;
				GENERATE_INFOPLIST_FILE = NO;
				INFOPLIST_FILE = TestStepHUDDemo/Info.plist;
				INFOPLIST_KEY_CFBundleDisplayName = TestStepHUD;
				LD_RUNPATH_SEARCH_PATHS = (
					"$(inherited)",
					"@executable_path/Frameworks",
				);
				MARKETING_VERSION = 1.0;
				PRODUCT_BUNDLE_IDENTIFIER = com.teststephud.demo;
				PRODUCT_NAME = "$(TARGET_NAME)";
				SUPPORTED_PLATFORMS = "iphoneos iphonesimulator";
				SUPPORTS_MACCATALYST = NO;
				SWIFT_EMIT_LOC_STRINGS = YES;
				TARGETED_DEVICE_FAMILY = "1,2";
			};
			name = Debug;
		};
		G00000000000000000000004 /* Release */ = {
			isa = XCBuildConfiguration;
			buildSettings = {
				CODE_SIGN_STYLE = Automatic;
				CURRENT_PROJECT_VERSION = 1;
				GENERATE_INFOPLIST_FILE = NO;
				INFOPLIST_FILE = TestStepHUDDemo/Info.plist;
				INFOPLIST_KEY_CFBundleDisplayName = TestStepHUD;
				LD_RUNPATH_SEARCH_PATHS = (
					"$(inherited)",
					"@executable_path/Frameworks",
				);
				MARKETING_VERSION = 1.0;
				PRODUCT_BUNDLE_IDENTIFIER = com.teststephud.demo;
				PRODUCT_NAME = "$(TARGET_NAME)";
				SUPPORTED_PLATFORMS = "iphoneos iphonesimulator";
				SUPPORTS_MACCATALYST = NO;
				SWIFT_EMIT_LOC_STRINGS = YES;
				TARGETED_DEVICE_FAMILY = "1,2";
			};
			name = Release;
		};
		G00000000000000000000005 /* Debug */ = {
			isa = XCBuildConfiguration;
			buildSettings = {
				CODE_SIGN_STYLE = Automatic;
				GENERATE_INFOPLIST_FILE = YES;
				LD_RUNPATH_SEARCH_PATHS = (
					"$(inherited)",
					"@executable_path/Frameworks",
					"@loader_path/Frameworks",
				);
				PRODUCT_BUNDLE_IDENTIFIER = com.teststephud.demo.uitests;
				PRODUCT_NAME = "$(TARGET_NAME)";
				SUPPORTED_PLATFORMS = "iphoneos iphonesimulator";
				SUPPORTS_MACCATALYST = NO;
				SWIFT_EMIT_LOC_STRINGS = NO;
				TARGETED_DEVICE_FAMILY = "1,2";
				TEST_TARGET_NAME = TestStepHUDDemo;
			};
			name = Debug;
		};
		G00000000000000000000006 /* Release */ = {
			isa = XCBuildConfiguration;
			buildSettings = {
				CODE_SIGN_STYLE = Automatic;
				GENERATE_INFOPLIST_FILE = YES;
				LD_RUNPATH_SEARCH_PATHS = (
					"$(inherited)",
					"@executable_path/Frameworks",
					"@loader_path/Frameworks",
				);
				PRODUCT_BUNDLE_IDENTIFIER = com.teststephud.demo.uitests;
				PRODUCT_NAME = "$(TARGET_NAME)";
				SUPPORTED_PLATFORMS = "iphoneos iphonesimulator";
				SUPPORTS_MACCATALYST = NO;
				SWIFT_EMIT_LOC_STRINGS = NO;
				TARGETED_DEVICE_FAMILY = "1,2";
				TEST_TARGET_NAME = TestStepHUDDemo;
			};
			name = Release;
		};
		G00000000000000000000007 /* Debug */ = {
			isa = XCBuildConfiguration;
			buildSettings = {
				CODE_SIGN_STYLE = Automatic;
				GENERATE_INFOPLIST_FILE = YES;
				LD_RUNPATH_SEARCH_PATHS = (
					"$(inherited)",
					"@executable_path/Frameworks",
					"@loader_path/Frameworks",
				);
				PRODUCT_BUNDLE_IDENTIFIER = com.teststephud.protocoltests;
				PRODUCT_NAME = "$(TARGET_NAME)";
				SUPPORTED_PLATFORMS = "iphoneos iphonesimulator";
				SUPPORTS_MACCATALYST = NO;
				SWIFT_EMIT_LOC_STRINGS = NO;
				TARGETED_DEVICE_FAMILY = "1,2";
			};
			name = Debug;
		};
		G00000000000000000000008 /* Release */ = {
			isa = XCBuildConfiguration;
			buildSettings = {
				CODE_SIGN_STYLE = Automatic;
				GENERATE_INFOPLIST_FILE = YES;
				LD_RUNPATH_SEARCH_PATHS = (
					"$(inherited)",
					"@executable_path/Frameworks",
					"@loader_path/Frameworks",
				);
				PRODUCT_BUNDLE_IDENTIFIER = com.teststephud.protocoltests;
				PRODUCT_NAME = "$(TARGET_NAME)";
				SUPPORTED_PLATFORMS = "iphoneos iphonesimulator";
				SUPPORTS_MACCATALYST = NO;
				SWIFT_EMIT_LOC_STRINGS = NO;
				TARGETED_DEVICE_FAMILY = "1,2";
			};
			name = Release;
		};
/* End XCBuildConfiguration section */

/* Begin XCConfigurationList section */
		H00000000000000000000001 /* Build configuration list for PBXProject "TestStepHUDDemo" */ = {
			isa = XCConfigurationList;
			buildConfigurations = (
				G00000000000000000000001 /* Debug */,
				G00000000000000000000002 /* Release */,
			);
			defaultConfigurationIsVisible = 0;
			defaultConfigurationName = Release;
		};
		H00000000000000000000002 /* Build configuration list for PBXNativeTarget "TestStepHUDDemo" */ = {
			isa = XCConfigurationList;
			buildConfigurations = (
				G00000000000000000000003 /* Debug */,
				G00000000000000000000004 /* Release */,
			);
			defaultConfigurationIsVisible = 0;
			defaultConfigurationName = Release;
		};
		H00000000000000000000003 /* Build configuration list for PBXNativeTarget "TestStepHUDDemoUITests" */ = {
			isa = XCConfigurationList;
			buildConfigurations = (
				G00000000000000000000005 /* Debug */,
				G00000000000000000000006 /* Release */,
			);
			defaultConfigurationIsVisible = 0;
			defaultConfigurationName = Release;
		};
		H00000000000000000000004 /* Build configuration list for PBXNativeTarget "TestStepHUDProtocolTests" */ = {
			isa = XCConfigurationList;
			buildConfigurations = (
				G00000000000000000000007 /* Debug */,
				G00000000000000000000008 /* Release */,
			);
			defaultConfigurationIsVisible = 0;
			defaultConfigurationName = Release;
		};
/* End XCConfigurationList section */

/* Begin XCLocalSwiftPackageReference section */
		I00000000000000000000001 /* XCLocalSwiftPackageReference "../.." */ = {
			isa = XCLocalSwiftPackageReference;
			relativePath = ../..;
		};
/* End XCLocalSwiftPackageReference section */

/* Begin XCSwiftPackageProductDependency section */
		J00000000000000000000001 /* TestStepHUD */ = {
			isa = XCSwiftPackageProductDependency;
			productName = TestStepHUD;
		};
		J00000000000000000000002 /* TestStepHUDTestSupport */ = {
			isa = XCSwiftPackageProductDependency;
			productName = TestStepHUDTestSupport;
		};
/* End XCSwiftPackageProductDependency section */
	};
	rootObject = A00000000000000000000001 /* Project object */;
}
